
Microsoft Visual Studio Solution File, Format Version 12.00
# Visual Studio Version 17
VisualStudioVersion = 17.2.32630.192
MinimumVisualStudioVersion = 10.0.40219.1
Project("{9A19103F-16F7-4668-BE54-9A1E7A4F7556}") = "GT.DataSync.Api", "GT.DataSync.Api\GT.DataSync.Api.csproj", "{34D4CBB9-9C26-4E69-A420-02431AD5D461}"
EndProject
Project("{FAE04EC0-301F-11D3-BF4B-00C04F79EFBC}") = "GT.DataSync.Core", "GT.DataSync.Core\GT.DataSync.Core.csproj", "{3D4BFFA4-DD10-47A6-95FC-26DF04903BDF}"
EndProject
Project("{FAE04EC0-301F-11D3-BF4B-00C04F79EFBC}") = "GT.DataSync.Console", "GT.DataSync.Console\GT.DataSync.Console.csproj", "{2AB9F953-36F8-47EB-A5FB-014CB2D83AB4}"
EndProject
Global
	GlobalSection(SolutionConfigurationPlatforms) = preSolution
		Debug|Any CPU = Debug|Any CPU
		Release|Any CPU = Release|Any CPU
	EndGlobalSection
	GlobalSection(ProjectConfigurationPlatforms) = postSolution
		{34D4CBB9-9C26-4E69-A420-02431AD5D461}.Debug|Any CPU.ActiveCfg = Debug|Any CPU
		{34D4CBB9-9C26-4E69-A420-02431AD5D461}.Debug|Any CPU.Build.0 = Debug|Any CPU
		{34D4CBB9-9C26-4E69-A420-02431AD5D461}.Release|Any CPU.ActiveCfg = Release|Any CPU
		{34D4CBB9-9C26-4E69-A420-02431AD5D461}.Release|Any CPU.Build.0 = Release|Any CPU
		{3D4BFFA4-DD10-47A6-95FC-26DF04903BDF}.Debug|Any CPU.ActiveCfg = Debug|Any CPU
		{3D4BFFA4-DD10-47A6-95FC-26DF04903BDF}.Debug|Any CPU.Build.0 = Debug|Any CPU
		{3D4BFFA4-DD10-47A6-95FC-26DF04903BDF}.Release|Any CPU.ActiveCfg = Release|Any CPU
		{3D4BFFA4-DD10-47A6-95FC-26DF04903BDF}.Release|Any CPU.Build.0 = Release|Any CPU
		{2AB9F953-36F8-47EB-A5FB-014CB2D83AB4}.Debug|Any CPU.ActiveCfg = Debug|Any CPU
		{2AB9F953-36F8-47EB-A5FB-014CB2D83AB4}.Debug|Any CPU.Build.0 = Debug|Any CPU
		{2AB9F953-36F8-47EB-A5FB-014CB2D83AB4}.Release|Any CPU.ActiveCfg = Release|Any CPU
		{2AB9F953-36F8-47EB-A5FB-014CB2D83AB4}.Release|Any CPU.Build.0 = Release|Any CPU
	EndGlobalSection
	GlobalSection(SolutionProperties) = preSolution
		HideSolutionNode = FALSE
	EndGlobalSection
	GlobalSection(ExtensibilityGlobals) = postSolution
		SolutionGuid = {2368DC48-79A7-4744-816A-155801AEFF53}
	EndGlobalSection
EndGlobal
